
Microsoft Visual Studio Solution File, Format Version 12.00
# Visual Studio Version 17
VisualStudioVersion = 17.7.34024.191
MinimumVisualStudioVersion = 10.0.40219.1
Project("{FAE04EC0-301F-11D3-BF4B-00C04F79EFBC}") = "StoreManagement", "StoreManagement\StoreManagement.csproj", "{49D871BD-1675-4BE8-A0D1-C74963BCECB7}"
EndProject
Global
	GlobalSection(SolutionConfigurationPlatforms) = preSolution
		Debug|Any CPU = Debug|Any CPU
		Release|Any CPU = Release|Any CPU
	EndGlobalSection
	GlobalSection(ProjectConfigurationPlatforms) = postSolution
		{49D871BD-1675-4BE8-A0D1-C74963BCECB7}.Debug|Any CPU.ActiveCfg = Debug|Any CPU
		{49D871BD-1675-4BE8-A0D1-C74963BCECB7}.Debug|Any CPU.Build.0 = Debug|Any CPU
		{49D871BD-1675-4BE8-A0D1-C74963BCECB7}.Release|Any CPU.ActiveCfg = Release|Any CPU
		{49D871BD-1675-4BE8-A0D1-C74963BCECB7}.Release|Any CPU.Build.0 = Release|Any CPU
	EndGlobalSection
	GlobalSection(SolutionProperties) = preSolution
		HideSolutionNode = FALSE
	EndGlobalSection
	GlobalSection(ExtensibilityGlobals) = postSolution
		SolutionGuid = {87538496-AD7D-4FAF-81E1-9708F468DD30}
	EndGlobalSection
EndGlobal
